
Microsoft Visual Studio Solution File, Format Version 11.00
# Visual Studio 2010
Project("{8BC9CEB8-8B4A-11D0-8D11-00A0C91BC942}") = "LW_2", "LW_2.vcxproj", "{E9EF5496-5682-493B-A1D8-223CDF9E69DC}"
EndProject
Global
	GlobalSection(SolutionConfigurationPlatforms) = preSolution
		Debug|Win32 = Debug|Win32
		Release|Win32 = Release|Win32
	EndGlobalSection
	GlobalSection(ProjectConfigurationPlatforms) = postSolution
		{E9EF5496-5682-493B-A1D8-223CDF9E69DC}.Debug|Win32.ActiveCfg = Debug|Win32
		{E9EF5496-5682-493B-A1D8-223CDF9E69DC}.Debug|Win32.Build.0 = Debug|Win32
		{E9EF5496-5682-493B-A1D8-223CDF9E69DC}.Release|Win32.ActiveCfg = Release|Win32
		{E9EF5496-5682-493B-A1D8-223CDF9E69DC}.Release|Win32.Build.0 = Release|Win32
	EndGlobalSection
	GlobalSection(SolutionProperties) = preSolution
		HideSolutionNode = FALSE
	EndGlobalSection
EndGlobal
